// !$*UTF8*$!
{
	archiveVersion = 1;
	classes = {
	};
	objectVersion = 77;
	objects = {

/* Begin PBXBuildFile section */
		0AE522C22F85FECF0075F8D6 /* XMLCoder in Frameworks */ = {isa = PBXBuildFile; productRef = 0AE522C12F85FECF0075F8D6 /* XMLCoder */; };
		0AE522C42F8600A50075F8D6 /* Secrets.xcconfig in Resources */ = {isa = PBXBuildFile; fileRef = 0AE522C32F8600A50075F8D6 /* Secrets.xcconfig */; };
		1666DE962F88B6BF00811FBB /* FirebaseMessaging in Frameworks */ = {isa = PBXBuildFile; productRef = 1666DE952F88B6BF00811FBB /* FirebaseMessaging */; };
		16AD0E472F7FB0BB00C98732 /* Auth in Frameworks */ = {isa = PBXBuildFile; productRef = 16AD0E462F7FB0BB00C98732 /* Auth */; };
		16AD0E492F7FB0BB00C98732 /* Functions in Frameworks */ = {isa = PBXBuildFile; productRef = 16AD0E482F7FB0BB00C98732 /* Functions */; };
		16AD0E4B2F7FB0BB00C98732 /* PostgREST in Frameworks */ = {isa = PBXBuildFile; productRef = 16AD0E4A2F7FB0BB00C98732 /* PostgREST */; };
		16AD0E4D2F7FB0BB00C98732 /* Realtime in Frameworks */ = {isa = PBXBuildFile; productRef = 16AD0E4C2F7FB0BB00C98732 /* Realtime */; };
		16AD0E4F2F7FB0BB00C98732 /* Storage in Frameworks */ = {isa = PBXBuildFile; productRef = 16AD0E4E2F7FB0BB00C98732 /* Storage */; };
		16AD0E512F7FB0BB00C98732 /* Supabase in Frameworks */ = {isa = PBXBuildFile; productRef = 16AD0E502F7FB0BB00C98732 /* Supabase */; };
		16AD0E542F7FB0C700C98732 /* ReactorKit in Frameworks */ = {isa = PBXBuildFile; productRef = 16AD0E532F7FB0C700C98732 /* ReactorKit */; };
		16AD0E572F7FB0D500C98732 /* Dependencies in Frameworks */ = {isa = PBXBuildFile; productRef = 16AD0E562F7FB0D500C98732 /* Dependencies */; };
		16AD0E5E2F7FB0E000C98732 /* Kingfisher in Frameworks */ = {isa = PBXBuildFile; productRef = 16AD0E5D2F7FB0E000C98732 /* Kingfisher */; };
		16AD0E612F7FB0FF00C98732 /* RxCocoa in Frameworks */ = {isa = PBXBuildFile; productRef = 16AD0E602F7FB0FF00C98732 /* RxCocoa */; };
		16AD0E632F7FB0FF00C98732 /* RxRelay in Frameworks */ = {isa = PBXBuildFile; productRef = 16AD0E622F7FB0FF00C98732 /* RxRelay */; };
		16AD0E652F7FB0FF00C98732 /* RxSwift in Frameworks */ = {isa = PBXBuildFile; productRef = 16AD0E642F7FB0FF00C98732 /* RxSwift */; };
		16AD0E682F7FB10B00C98732 /* Alamofire in Frameworks */ = {isa = PBXBuildFile; productRef = 16AD0E672F7FB10B00C98732 /* Alamofire */; };
		16AD0E6D2F7FB16000C98732 /* TensorFlowLiteSwift in Frameworks */ = {isa = PBXBuildFile; productRef = 16AD0E6C2F7FB16000C98732 /* TensorFlowLiteSwift */; };
		16AD0E702F7FB17000C98732 /* Then in Frameworks */ = {isa = PBXBuildFile; productRef = 16AD0E6F2F7FB17000C98732 /* Then */; };
		16AD0E732F7FB17D00C98732 /* SnapKit in Frameworks */ = {isa = PBXBuildFile; productRef = 16AD0E722F7FB17D00C98732 /* SnapKit */; };
		16AD0E782F7FB1E600C98732 /* RxFlow in Frameworks */ = {isa = PBXBuildFile; productRef = 16AD0E772F7FB1E600C98732 /* RxFlow */; };
		16BE7CC22F853B3A00F6C98B /* DependenciesMacros in Frameworks */ = {isa = PBXBuildFile; productRef = 16BE7CC12F853B3A00F6C98B /* DependenciesMacros */; };
		B986A1892F85FC4200EE5265 /* GoogleSignIn in Frameworks */ = {isa = PBXBuildFile; productRef = B986A1882F85FC4200EE5265 /* GoogleSignIn */; };
		B986A18B2F85FC4200EE5265 /* GoogleSignInSwift in Frameworks */ = {isa = PBXBuildFile; productRef = B986A18A2F85FC4200EE5265 /* GoogleSignInSwift */; };
		B986A18E2F85FC7E00EE5265 /* KakaoSDK in Frameworks */ = {isa = PBXBuildFile; productRef = B986A18D2F85FC7E00EE5265 /* KakaoSDK */; };
		B986A1902F85FC7E00EE5265 /* KakaoSDKAuth in Frameworks */ = {isa = PBXBuildFile; productRef = B986A18F2F85FC7E00EE5265 /* KakaoSDKAuth */; };
		B986A1922F85FC7E00EE5265 /* KakaoSDKCommon in Frameworks */ = {isa = PBXBuildFile; productRef = B986A1912F85FC7E00EE5265 /* KakaoSDKCommon */; };
		B986A1942F85FC7E00EE5265 /* KakaoSDKUser in Frameworks */ = {isa = PBXBuildFile; productRef = B986A1932F85FC7E00EE5265 /* KakaoSDKUser */; };
/* End PBXBuildFile section */

/* Begin PBXFileReference section */
		0AE522C32F8600A50075F8D6 /* Secrets.xcconfig */ = {isa = PBXFileReference; lastKnownFileType = text.xcconfig; path = Secrets.xcconfig; sourceTree = "<group>"; };
		16AD0E2D2F7FAFE200C98732 /* LeafLog.app */ = {isa = PBXFileReference; explicitFileType = wrapper.application; includeInIndex = 0; path = LeafLog.app; sourceTree = BUILT_PRODUCTS_DIR; };
/* End PBXFileReference section */

/* Begin PBXFileSystemSynchronizedBuildFileExceptionSet section */
		16AD0E3F2F7FAFE400C98732 /* Exceptions for "LeafLog" folder in "LeafLog" target */ = {
			isa = PBXFileSystemSynchronizedBuildFileExceptionSet;
			membershipExceptions = (
				Info.plist,
			);
			target = 16AD0E2C2F7FAFE200C98732 /* LeafLog */;
		};
/* End PBXFileSystemSynchronizedBuildFileExceptionSet section */

/* Begin PBXFileSystemSynchronizedRootGroup section */
		16AD0E2F2F7FAFE200C98732 /* LeafLog */ = {
			isa = PBXFileSystemSynchronizedRootGroup;
			exceptions = (
				16AD0E3F2F7FAFE400C98732 /* Exceptions for "LeafLog" folder in "LeafLog" target */,
			);
			path = LeafLog;
			sourceTree = "<group>";
		};
/* End PBXFileSystemSynchronizedRootGroup section */

/* Begin PBXFrameworksBuildPhase section */
		16AD0E2A2F7FAFE200C98732 /* Frameworks */ = {
			isa = PBXFrameworksBuildPhase;
			buildActionMask = 2147483647;
			files = (
				16AD0E6D2F7FB16000C98732 /* TensorFlowLiteSwift in Frameworks */,
				16AD0E702F7FB17000C98732 /* Then in Frameworks */,
				0AE522C22F85FECF0075F8D6 /* XMLCoder in Frameworks */,
				16AD0E682F7FB10B00C98732 /* Alamofire in Frameworks */,
				B986A1892F85FC4200EE5265 /* GoogleSignIn in Frameworks */,
				16AD0E4B2F7FB0BB00C98732 /* PostgREST in Frameworks */,
				16AD0E492F7FB0BB00C98732 /* Functions in Frameworks */,
				16AD0E542F7FB0C700C98732 /* ReactorKit in Frameworks */,
				1666DE962F88B6BF00811FBB /* FirebaseMessaging in Frameworks */,
				16AD0E782F7FB1E600C98732 /* RxFlow in Frameworks */,
				16AD0E572F7FB0D500C98732 /* Dependencies in Frameworks */,
				16AD0E732F7FB17D00C98732 /* SnapKit in Frameworks */,
				16AD0E512F7FB0BB00C98732 /* Supabase in Frameworks */,
				16AD0E652F7FB0FF00C98732 /* RxSwift in Frameworks */,
				16AD0E612F7FB0FF00C98732 /* RxCocoa in Frameworks */,
				16AD0E472F7FB0BB00C98732 /* Auth in Frameworks */,
				16AD0E632F7FB0FF00C98732 /* RxRelay in Frameworks */,
				B986A18B2F85FC4200EE5265 /* GoogleSignInSwift in Frameworks */,
				16BE7CC22F853B3A00F6C98B /* DependenciesMacros in Frameworks */,
				B986A1902F85FC7E00EE5265 /* KakaoSDKAuth in Frameworks */,
				16AD0E5E2F7FB0E000C98732 /* Kingfisher in Frameworks */,
				16AD0E4F2F7FB0BB00C98732 /* Storage in Frameworks */,
				B986A1942F85FC7E00EE5265 /* KakaoSDKUser in Frameworks */,
				16AD0E4D2F7FB0BB00C98732 /* Realtime in Frameworks */,
				B986A1922F85FC7E00EE5265 /* KakaoSDKCommon in Frameworks */,
				B986A18E2F85FC7E00EE5265 /* KakaoSDK in Frameworks */,
			);
			runOnlyForDeploymentPostprocessing = 0;
		};
/* End PBXFrameworksBuildPhase section */

/* Begin PBXGroup section */
		16AD0E242F7FAFE200C98732 = {
			isa = PBXGroup;
			children = (
				16AD0E2F2F7FAFE200C98732 /* LeafLog */,
				16BE7CC02F853B3A00F6C98B /* Frameworks */,
				16AD0E2E2F7FAFE200C98732 /* Products */,
				0AE522C32F8600A50075F8D6 /* Secrets.xcconfig */,
			);
			sourceTree = "<group>";
		};
		16AD0E2E2F7FAFE200C98732 /* Products */ = {
			isa = PBXGroup;
			children = (
				16AD0E2D2F7FAFE200C98732 /* LeafLog.app */,
			);
			name = Products;
			sourceTree = "<group>";
		};
		16BE7CC02F853B3A00F6C98B /* Frameworks */ = {
			isa = PBXGroup;
			children = (
			);
			name = Frameworks;
			sourceTree = "<group>";
		};
/* End PBXGroup section */

/* Begin PBXNativeTarget section */
		16AD0E2C2F7FAFE200C98732 /* LeafLog */ = {
			isa = PBXNativeTarget;
			buildConfigurationList = 16AD0E402F7FAFE400C98732 /* Build configuration list for PBXNativeTarget "LeafLog" */;
			buildPhases = (
				16AD0E292F7FAFE200C98732 /* Sources */,
				16AD0E2A2F7FAFE200C98732 /* Frameworks */,
				16AD0E2B2F7FAFE200C98732 /* Resources */,
				16AD0E922F7FB2D800C98732 /* SwiftLint */,
			);
			buildRules = (
			);
			dependencies = (
			);
			fileSystemSynchronizedGroups = (
				16AD0E2F2F7FAFE200C98732 /* LeafLog */,
			);
			name = LeafLog;
			packageProductDependencies = (
				16AD0E462F7FB0BB00C98732 /* Auth */,
				16AD0E482F7FB0BB00C98732 /* Functions */,
				16AD0E4A2F7FB0BB00C98732 /* PostgREST */,
				16AD0E4C2F7FB0BB00C98732 /* Realtime */,
				16AD0E4E2F7FB0BB00C98732 /* Storage */,
				16AD0E502F7FB0BB00C98732 /* Supabase */,
				16AD0E532F7FB0C700C98732 /* ReactorKit */,
				16AD0E562F7FB0D500C98732 /* Dependencies */,
				16AD0E5D2F7FB0E000C98732 /* Kingfisher */,
				16AD0E602F7FB0FF00C98732 /* RxCocoa */,
				16AD0E622F7FB0FF00C98732 /* RxRelay */,
				16AD0E642F7FB0FF00C98732 /* RxSwift */,
				16AD0E672F7FB10B00C98732 /* Alamofire */,
				16AD0E6C2F7FB16000C98732 /* TensorFlowLiteSwift */,
				16AD0E6F2F7FB17000C98732 /* Then */,
				16AD0E722F7FB17D00C98732 /* SnapKit */,
				16AD0E772F7FB1E600C98732 /* RxFlow */,
				16BE7CC12F853B3A00F6C98B /* DependenciesMacros */,
				B986A1882F85FC4200EE5265 /* GoogleSignIn */,
				B986A18A2F85FC4200EE5265 /* GoogleSignInSwift */,
				B986A18D2F85FC7E00EE5265 /* KakaoSDK */,
				B986A18F2F85FC7E00EE5265 /* KakaoSDKAuth */,
				B986A1912F85FC7E00EE5265 /* KakaoSDKCommon */,
				B986A1932F85FC7E00EE5265 /* KakaoSDKUser */,
				0AE522C12F85FECF0075F8D6 /* XMLCoder */,
				1666DE952F88B6BF00811FBB /* FirebaseMessaging */,
			);
			productName = LeafLog;
			productReference = 16AD0E2D2F7FAFE200C98732 /* LeafLog.app */;
			productType = "com.apple.product-type.application";
		};
/* End PBXNativeTarget section */

/* Begin PBXProject section */
		16AD0E252F7FAFE200C98732 /* Project object */ = {
			isa = PBXProject;
			attributes = {
				BuildIndependentTargetsInParallel = 1;
				LastSwiftUpdateCheck = 2610;
				LastUpgradeCheck = 2610;
				TargetAttributes = {
					16AD0E2C2F7FAFE200C98732 = {
						CreatedOnToolsVersion = 26.1;
					};
				};
			};
			buildConfigurationList = 16AD0E282F7FAFE200C98732 /* Build configuration list for PBXProject "LeafLog" */;
			developmentRegion = en;
			hasScannedForEncodings = 0;
			knownRegions = (
				en,
				Base,
			);
			mainGroup = 16AD0E242F7FAFE200C98732;
			minimizedProjectReferenceProxies = 1;
			packageReferences = (
				16AD0E452F7FB0BB00C98732 /* XCRemoteSwiftPackageReference "supabase-swift" */,
				16AD0E522F7FB0C700C98732 /* XCRemoteSwiftPackageReference "ReactorKit" */,
				16AD0E552F7FB0D500C98732 /* XCRemoteSwiftPackageReference "swift-dependencies" */,
				16AD0E5C2F7FB0E000C98732 /* XCRemoteSwiftPackageReference "Kingfisher" */,
				16AD0E5F2F7FB0FF00C98732 /* XCRemoteSwiftPackageReference "RxSwift" */,
				16AD0E662F7FB10B00C98732 /* XCRemoteSwiftPackageReference "Alamofire" */,
				16AD0E6B2F7FB16000C98732 /* XCRemoteSwiftPackageReference "TensorFlowLiteSwift" */,
				16AD0E6E2F7FB17000C98732 /* XCRemoteSwiftPackageReference "Then" */,
				16AD0E712F7FB17D00C98732 /* XCRemoteSwiftPackageReference "SnapKit" */,
				16AD0E762F7FB1E600C98732 /* XCRemoteSwiftPackageReference "RxFlow" */,
				B986A1872F85FC4200EE5265 /* XCRemoteSwiftPackageReference "GoogleSignIn-iOS" */,
				B986A18C2F85FC7E00EE5265 /* XCRemoteSwiftPackageReference "kakao-ios-sdk" */,
				0AE522C02F85FECF0075F8D6 /* XCRemoteSwiftPackageReference "XMLCoder" */,
				1666DE942F88B6BF00811FBB /* XCRemoteSwiftPackageReference "firebase-ios-sdk" */,
			);
			preferredProjectObjectVersion = 77;
			productRefGroup = 16AD0E2E2F7FAFE200C98732 /* Products */;
			projectDirPath = "";
			projectRoot = "";
			targets = (
				16AD0E2C2F7FAFE200C98732 /* LeafLog */,
			);
		};
/* End PBXProject section */

/* Begin PBXResourcesBuildPhase section */
		16AD0E2B2F7FAFE200C98732 /* Resources */ = {
			isa = PBXResourcesBuildPhase;
			buildActionMask = 2147483647;
			files = (
				0AE522C42F8600A50075F8D6 /* Secrets.xcconfig in Resources */,
			);
			runOnlyForDeploymentPostprocessing = 0;
		};
/* End PBXResourcesBuildPhase section */

/* Begin PBXShellScriptBuildPhase section */
		16AD0E922F7FB2D800C98732 /* SwiftLint */ = {
			isa = PBXShellScriptBuildPhase;
			alwaysOutOfDate = 1;
			buildActionMask = 2147483647;
			files = (
			);
			inputFileListPaths = (
			);
			inputPaths = (
			);
			name = SwiftLint;
			outputFileListPaths = (
			);
			outputPaths = (
			);
			runOnlyForDeploymentPostprocessing = 0;
			shellPath = /bin/sh;
			shellScript = "# 1. mise가 설치될 수 있는 주요 경로들을 PATH에 한꺼번에 추가합니다.\nexport PATH=\"$HOME/.local/bin:/opt/homebrew/bin:/usr/local/bin:$PATH\"\n\n# 2. 이제 'which' 명령어로 mise가 어디 있든 찾아낼 수 있습니다.\nif which mise >/dev/null; then\n  eval \"$(mise activate bash)\"\n  # '--config' 오타 주의! (config 가 맞습니다)\n  mise exec -- swiftlint lint --config ${SRCROOT}/LeafLog/swiftlint.yml\nelse\n  # 만약 모든 경로를 뒤졌는데도 없다면 경고만 띄우고 빌드는 성공시킵니다.\n  echo \"warning: mise not installed. SwiftLint skipped.\"\nfi\n";
		};
/* End PBXShellScriptBuildPhase section */

/* Begin PBXSourcesBuildPhase section */
		16AD0E292F7FAFE200C98732 /* Sources */ = {
			isa = PBXSourcesBuildPhase;
			buildActionMask = 2147483647;
			files = (
			);
			runOnlyForDeploymentPostprocessing = 0;
		};
/* End PBXSourcesBuildPhase section */

/* Begin XCBuildConfiguration section */
		16AD0E412F7FAFE400C98732 /* Debug */ = {
			isa = XCBuildConfiguration;
			baseConfigurationReference = 0AE522C32F8600A50075F8D6 /* Secrets.xcconfig */;
			buildSettings = {
				ASSETCATALOG_COMPILER_APPICON_NAME = AppIcon;
				ASSETCATALOG_COMPILER_GLOBAL_ACCENT_COLOR_NAME = AccentColor;
				"CODE_SIGN_IDENTITY[sdk=iphoneos*]" = "iPhone Developer";
				CODE_SIGN_STYLE = Manual;
				CURRENT_PROJECT_VERSION = 1;
				DEVELOPMENT_TEAM = "";
				"DEVELOPMENT_TEAM[sdk=iphoneos*]" = Q7HGK38S83;
				GENERATE_INFOPLIST_FILE = YES;
				INFOPLIST_FILE = LeafLog/Info.plist;
				INFOPLIST_KEY_UIApplicationSupportsIndirectInputEvents = YES;
				INFOPLIST_KEY_UILaunchStoryboardName = LaunchScreen;
				INFOPLIST_KEY_UISupportedInterfaceOrientations_iPad = "UIInterfaceOrientationPortrait UIInterfaceOrientationPortraitUpsideDown UIInterfaceOrientationLandscapeLeft UIInterfaceOrientationLandscapeRight";
				INFOPLIST_KEY_UISupportedInterfaceOrientations_iPhone = "UIInterfaceOrientationPortrait UIInterfaceOrientationLandscapeLeft UIInterfaceOrientationLandscapeRight";
				IPHONEOS_DEPLOYMENT_TARGET = 16;
				LD_RUNPATH_SEARCH_PATHS = (
					"$(inherited)",
					"@executable_path/Frameworks",
				);
				MARKETING_VERSION = 1.0;
				PRODUCT_BUNDLE_IDENTIFIER = com.jooslin.leaflog.app;
				PRODUCT_NAME = "$(TARGET_NAME)";
				PROVISIONING_PROFILE_SPECIFIER = "";
				"PROVISIONING_PROFILE_SPECIFIER[sdk=iphoneos*]" = jooslin;
				STRING_CATALOG_GENERATE_SYMBOLS = YES;
				SUPPORTED_PLATFORMS = "iphoneos iphonesimulator";
				SUPPORTS_MACCATALYST = NO;
				SUPPORTS_MAC_DESIGNED_FOR_IPHONE_IPAD = NO;
				SUPPORTS_XR_DESIGNED_FOR_IPHONE_IPAD = NO;
				SWIFT_APPROACHABLE_CONCURRENCY = YES;
				SWIFT_DEFAULT_ACTOR_ISOLATION = MainActor;
				SWIFT_EMIT_LOC_STRINGS = YES;
				SWIFT_UPCOMING_FEATURE_MEMBER_IMPORT_VISIBILITY = YES;
				SWIFT_VERSION = 5.0;
				TARGETED_DEVICE_FAMILY = 1;
			};
			name = Debug;
		};
		16AD0E422F7FAFE400C98732 /* Release */ = {
			isa = XCBuildConfiguration;
			baseConfigurationReference = 0AE522C32F8600A50075F8D6 /* Secrets.xcconfig */;
			buildSettings = {
				ASSETCATALOG_COMPILER_APPICON_NAME = AppIcon;
				ASSETCATALOG_COMPILER_GLOBAL_ACCENT_COLOR_NAME = AccentColor;
				"CODE_SIGN_IDENTITY[sdk=iphoneos*]" = "iPhone Developer";
				CODE_SIGN_STYLE = Manual;
				CURRENT_PROJECT_VERSION = 1;
				DEVELOPMENT_TEAM = "";
				"DEVELOPMENT_TEAM[sdk=iphoneos*]" = Q7HGK38S83;
				GENERATE_INFOPLIST_FILE = YES;
				INFOPLIST_FILE = LeafLog/Info.plist;
				INFOPLIST_KEY_UIApplicationSupportsIndirectInputEvents = YES;
				INFOPLIST_KEY_UILaunchStoryboardName = LaunchScreen;
				INFOPLIST_KEY_UISupportedInterfaceOrientations_iPad = "UIInterfaceOrientationPortrait UIInterfaceOrientationPortraitUpsideDown UIInterfaceOrientationLandscapeLeft UIInterfaceOrientationLandscapeRight";
				INFOPLIST_KEY_UISupportedInterfaceOrientations_iPhone = "UIInterfaceOrientationPortrait UIInterfaceOrientationLandscapeLeft UIInterfaceOrientationLandscapeRight";
				IPHONEOS_DEPLOYMENT_TARGET = 16;
				LD_RUNPATH_SEARCH_PATHS = (
					"$(inherited)",
					"@executable_path/Frameworks",
				);
				MARKETING_VERSION = 1.0;
				PRODUCT_BUNDLE_IDENTIFIER = com.jooslin.leaflog.app;
				PRODUCT_NAME = "$(TARGET_NAME)";
				PROVISIONING_PROFILE_SPECIFIER = "";
				"PROVISIONING_PROFILE_SPECIFIER[sdk=iphoneos*]" = jooslin;
				STRING_CATALOG_GENERATE_SYMBOLS = YES;
				SUPPORTED_PLATFORMS = "iphoneos iphonesimulator";
				SUPPORTS_MACCATALYST = NO;
				SUPPORTS_MAC_DESIGNED_FOR_IPHONE_IPAD = NO;
				SUPPORTS_XR_DESIGNED_FOR_IPHONE_IPAD = NO;
				SWIFT_APPROACHABLE_CONCURRENCY = YES;
				SWIFT_DEFAULT_ACTOR_ISOLATION = MainActor;
				SWIFT_EMIT_LOC_STRINGS = YES;
				SWIFT_UPCOMING_FEATURE_MEMBER_IMPORT_VISIBILITY = YES;
				SWIFT_VERSION = 5.0;
				TARGETED_DEVICE_FAMILY = 1;
			};
			name = Release;
		};
		16AD0E432F7FAFE400C98732 /* Debug */ = {
			isa = XCBuildConfiguration;
			baseConfigurationReference = 0AE522C32F8600A50075F8D6 /* Secrets.xcconfig */;
			buildSettings = {
				ALWAYS_SEARCH_USER_PATHS = NO;
				ASSETCATALOG_COMPILER_GENERATE_SWIFT_ASSET_SYMBOL_EXTENSIONS = YES;
				CLANG_ANALYZER_NONNULL = YES;
				CLANG_ANALYZER_NUMBER_OBJECT_CONVERSION = YES_AGGRESSIVE;
				CLANG_CXX_LANGUAGE_STANDARD = "gnu++20";
				CLANG_ENABLE_MODULES = YES;
				CLANG_ENABLE_OBJC_ARC = YES;
				CLANG_ENABLE_OBJC_WEAK = YES;
				CLANG_WARN_BLOCK_CAPTURE_AUTORELEASING = YES;
				CLANG_WARN_BOOL_CONVERSION = YES;
				CLANG_WARN_COMMA = YES;
				CLANG_WARN_CONSTANT_CONVERSION = YES;
				CLANG_WARN_DEPRECATED_OBJC_IMPLEMENTATIONS = YES;
				CLANG_WARN_DIRECT_OBJC_ISA_USAGE = YES_ERROR;
				CLANG_WARN_DOCUMENTATION_COMMENTS = YES;
				CLANG_WARN_EMPTY_BODY = YES;
				CLANG_WARN_ENUM_CONVERSION = YES;
				CLANG_WARN_INFINITE_RECURSION = YES;
				CLANG_WARN_INT_CONVERSION = YES;
				CLANG_WARN_NON_LITERAL_NULL_CONVERSION = YES;
				CLANG_WARN_OBJC_IMPLICIT_RETAIN_SELF = YES;
				CLANG_WARN_OBJC_LITERAL_CONVERSION = YES;
				CLANG_WARN_OBJC_ROOT_CLASS = YES_ERROR;
				CLANG_WARN_QUOTED_INCLUDE_IN_FRAMEWORK_HEADER = YES;
				CLANG_WARN_RANGE_LOOP_ANALYSIS = YES;
				CLANG_WARN_STRICT_PROTOTYPES = YES;
				CLANG_WARN_SUSPICIOUS_MOVE = YES;
				CLANG_WARN_UNGUARDED_AVAILABILITY = YES_AGGRESSIVE;
				CLANG_WARN_UNREACHABLE_CODE = YES;
				CLANG_WARN__DUPLICATE_METHOD_MATCH = YES;
				COPY_PHASE_STRIP = NO;
				DEBUG_INFORMATION_FORMAT = dwarf;
				ENABLE_STRICT_OBJC_MSGSEND = YES;
				ENABLE_TESTABILITY = YES;
				ENABLE_USER_SCRIPT_SANDBOXING = NO;
				GCC_C_LANGUAGE_STANDARD = gnu17;
				GCC_DYNAMIC_NO_PIC = NO;
				GCC_NO_COMMON_BLOCKS = YES;
				GCC_OPTIMIZATION_LEVEL = 0;
				GCC_PREPROCESSOR_DEFINITIONS = (
					"DEBUG=1",
					"$(inherited)",
				);
				GCC_WARN_64_TO_32_BIT_CONVERSION = YES;
				GCC_WARN_ABOUT_RETURN_TYPE = YES_ERROR;
				GCC_WARN_UNDECLARED_SELECTOR = YES;
				GCC_WARN_UNINITIALIZED_AUTOS = YES_AGGRESSIVE;
				GCC_WARN_UNUSED_FUNCTION = YES;
				GCC_WARN_UNUSED_VARIABLE = YES;
				IPHONEOS_DEPLOYMENT_TARGET = 26.1;
				LOCALIZATION_PREFERS_STRING_CATALOGS = YES;
				MTL_ENABLE_DEBUG_INFO = INCLUDE_SOURCE;
				MTL_FAST_MATH = YES;
				ONLY_ACTIVE_ARCH = YES;
				SDKROOT = iphoneos;
				SWIFT_ACTIVE_COMPILATION_CONDITIONS = "DEBUG $(inherited)";
				SWIFT_OPTIMIZATION_LEVEL = "-Onone";
			};
			name = Debug;
		};
		16AD0E442F7FAFE400C98732 /* Release */ = {
			isa = XCBuildConfiguration;
			baseConfigurationReference = 0AE522C32F8600A50075F8D6 /* Secrets.xcconfig */;
			buildSettings = {
				ALWAYS_SEARCH_USER_PATHS = NO;
				ASSETCATALOG_COMPILER_GENERATE_SWIFT_ASSET_SYMBOL_EXTENSIONS = YES;
				CLANG_ANALYZER_NONNULL = YES;
				CLANG_ANALYZER_NUMBER_OBJECT_CONVERSION = YES_AGGRESSIVE;
				CLANG_CXX_LANGUAGE_STANDARD = "gnu++20";
				CLANG_ENABLE_MODULES = YES;
				CLANG_ENABLE_OBJC_ARC = YES;
				CLANG_ENABLE_OBJC_WEAK = YES;
				CLANG_WARN_BLOCK_CAPTURE_AUTORELEASING = YES;
				CLANG_WARN_BOOL_CONVERSION = YES;
				CLANG_WARN_COMMA = YES;
				CLANG_WARN_CONSTANT_CONVERSION = YES;
				CLANG_WARN_DEPRECATED_OBJC_IMPLEMENTATIONS = YES;
				CLANG_WARN_DIRECT_OBJC_ISA_USAGE = YES_ERROR;
				CLANG_WARN_DOCUMENTATION_COMMENTS = YES;
				CLANG_WARN_EMPTY_BODY = YES;
				CLANG_WARN_ENUM_CONVERSION = YES;
				CLANG_WARN_INFINITE_RECURSION = YES;
				CLANG_WARN_INT_CONVERSION = YES;
				CLANG_WARN_NON_LITERAL_NULL_CONVERSION = YES;
				CLANG_WARN_OBJC_IMPLICIT_RETAIN_SELF = YES;
				CLANG_WARN_OBJC_LITERAL_CONVERSION = YES;
				CLANG_WARN_OBJC_ROOT_CLASS = YES_ERROR;
				CLANG_WARN_QUOTED_INCLUDE_IN_FRAMEWORK_HEADER = YES;
				CLANG_WARN_RANGE_LOOP_ANALYSIS = YES;
				CLANG_WARN_STRICT_PROTOTYPES = YES;
				CLANG_WARN_SUSPICIOUS_MOVE = YES;
				CLANG_WARN_UNGUARDED_AVAILABILITY = YES_AGGRESSIVE;
				CLANG_WARN_UNREACHABLE_CODE = YES;
				CLANG_WARN__DUPLICATE_METHOD_MATCH = YES;
				COPY_PHASE_STRIP = NO;
				DEBUG_INFORMATION_FORMAT = "dwarf-with-dsym";
				ENABLE_NS_ASSERTIONS = NO;
				ENABLE_STRICT_OBJC_MSGSEND = YES;
				ENABLE_USER_SCRIPT_SANDBOXING = NO;
				GCC_C_LANGUAGE_STANDARD = gnu17;
				GCC_NO_COMMON_BLOCKS = YES;
				GCC_WARN_64_TO_32_BIT_CONVERSION = YES;
				GCC_WARN_ABOUT_RETURN_TYPE = YES_ERROR;
				GCC_WARN_UNDECLARED_SELECTOR = YES;
				GCC_WARN_UNINITIALIZED_AUTOS = YES_AGGRESSIVE;
				GCC_WARN_UNUSED_FUNCTION = YES;
				GCC_WARN_UNUSED_VARIABLE = YES;
				IPHONEOS_DEPLOYMENT_TARGET = 26.1;
				LOCALIZATION_PREFERS_STRING_CATALOGS = YES;
				MTL_ENABLE_DEBUG_INFO = NO;
				MTL_FAST_MATH = YES;
				SDKROOT = iphoneos;
				SWIFT_COMPILATION_MODE = wholemodule;
				VALIDATE_PRODUCT = YES;
			};
			name = Release;
		};
/* End XCBuildConfiguration section */

/* Begin XCConfigurationList section */
		16AD0E282F7FAFE200C98732 /* Build configuration list for PBXProject "LeafLog" */ = {
			isa = XCConfigurationList;
			buildConfigurations = (
				16AD0E432F7FAFE400C98732 /* Debug */,
				16AD0E442F7FAFE400C98732 /* Release */,
			);
			defaultConfigurationIsVisible = 0;
			defaultConfigurationName = Release;
		};
		16AD0E402F7FAFE400C98732 /* Build configuration list for PBXNativeTarget "LeafLog" */ = {
			isa = XCConfigurationList;
			buildConfigurations = (
				16AD0E412F7FAFE400C98732 /* Debug */,
				16AD0E422F7FAFE400C98732 /* Release */,
			);
			defaultConfigurationIsVisible = 0;
			defaultConfigurationName = Release;
		};
/* End XCConfigurationList section */

/* Begin XCRemoteSwiftPackageReference section */
		0AE522C02F85FECF0075F8D6 /* XCRemoteSwiftPackageReference "XMLCoder" */ = {
			isa = XCRemoteSwiftPackageReference;
			repositoryURL = "https://github.com/CoreOffice/XMLCoder.git";
			requirement = {
				kind = upToNextMajorVersion;
				minimumVersion = 0.18.0;
			};
		};
		1666DE942F88B6BF00811FBB /* XCRemoteSwiftPackageReference "firebase-ios-sdk" */ = {
			isa = XCRemoteSwiftPackageReference;
			repositoryURL = "https://github.com/firebase/firebase-ios-sdk";
			requirement = {
				kind = upToNextMajorVersion;
				minimumVersion = 12.12.0;
			};
		};
		16AD0E452F7FB0BB00C98732 /* XCRemoteSwiftPackageReference "supabase-swift" */ = {
			isa = XCRemoteSwiftPackageReference;
			repositoryURL = "https://github.com/supabase/supabase-swift";
			requirement = {
				kind = upToNextMajorVersion;
				minimumVersion = 2.5.1;
			};
		};
		16AD0E522F7FB0C700C98732 /* XCRemoteSwiftPackageReference "ReactorKit" */ = {
			isa = XCRemoteSwiftPackageReference;
			repositoryURL = "https://github.com/ReactorKit/ReactorKit";
			requirement = {
				kind = upToNextMajorVersion;
				minimumVersion = 3.2.0;
			};
		};
		16AD0E552F7FB0D500C98732 /* XCRemoteSwiftPackageReference "swift-dependencies" */ = {
			isa = XCRemoteSwiftPackageReference;
			repositoryURL = "https://github.com/pointfreeco/swift-dependencies";
			requirement = {
				kind = upToNextMajorVersion;
				minimumVersion = 1.12.0;
			};
		};
		16AD0E5C2F7FB0E000C98732 /* XCRemoteSwiftPackageReference "Kingfisher" */ = {
			isa = XCRemoteSwiftPackageReference;
			repositoryURL = "https://github.com/onevcat/Kingfisher";
			requirement = {
				kind = upToNextMajorVersion;
				minimumVersion = 8.8.1;
			};
		};
		16AD0E5F2F7FB0FF00C98732 /* XCRemoteSwiftPackageReference "RxSwift" */ = {
			isa = XCRemoteSwiftPackageReference;
			repositoryURL = "https://github.com/ReactiveX/RxSwift";
			requirement = {
				kind = upToNextMajorVersion;
				minimumVersion = 6.10.2;
			};
		};
		16AD0E662F7FB10B00C98732 /* XCRemoteSwiftPackageReference "Alamofire" */ = {
			isa = XCRemoteSwiftPackageReference;
			repositoryURL = "https://github.com/Alamofire/Alamofire";
			requirement = {
				kind = upToNextMajorVersion;
				minimumVersion = 5.11.1;
			};
		};
		16AD0E6B2F7FB16000C98732 /* XCRemoteSwiftPackageReference "TensorFlowLiteSwift" */ = {
			isa = XCRemoteSwiftPackageReference;
			repositoryURL = "https://github.com/Jaesung-Jung/TensorFlowLiteSwift";
			requirement = {
				branch = master;
				kind = branch;
			};
		};
		16AD0E6E2F7FB17000C98732 /* XCRemoteSwiftPackageReference "Then" */ = {
			isa = XCRemoteSwiftPackageReference;
			repositoryURL = "https://github.com/devxoul/Then";
			requirement = {
				kind = upToNextMajorVersion;
				minimumVersion = 3.0.0;
			};
		};
		16AD0E712F7FB17D00C98732 /* XCRemoteSwiftPackageReference "SnapKit" */ = {
			isa = XCRemoteSwiftPackageReference;
			repositoryURL = "https://github.com/SnapKit/SnapKit";
			requirement = {
				kind = upToNextMajorVersion;
				minimumVersion = 5.7.1;
			};
		};
		16AD0E762F7FB1E600C98732 /* XCRemoteSwiftPackageReference "RxFlow" */ = {
			isa = XCRemoteSwiftPackageReference;
			repositoryURL = "https://github.com/RxSwiftCommunity/RxFlow";
			requirement = {
				kind = upToNextMajorVersion;
				minimumVersion = 2.13.2;
			};
		};
		B986A1872F85FC4200EE5265 /* XCRemoteSwiftPackageReference "GoogleSignIn-iOS" */ = {
			isa = XCRemoteSwiftPackageReference;
			repositoryURL = "https://github.com/google/GoogleSignIn-iOS";
			requirement = {
				kind = upToNextMajorVersion;
				minimumVersion = 9.1.0;
			};
		};
		B986A18C2F85FC7E00EE5265 /* XCRemoteSwiftPackageReference "kakao-ios-sdk" */ = {
			isa = XCRemoteSwiftPackageReference;
			repositoryURL = "https://github.com/kakao/kakao-ios-sdk";
			requirement = {
				kind = upToNextMajorVersion;
				minimumVersion = 2.27.2;
			};
		};
/* End XCRemoteSwiftPackageReference section */

/* Begin XCSwiftPackageProductDependency section */
		0AE522C12F85FECF0075F8D6 /* XMLCoder */ = {
			isa = XCSwiftPackageProductDependency;
			package = 0AE522C02F85FECF0075F8D6 /* XCRemoteSwiftPackageReference "XMLCoder" */;
			productName = XMLCoder;
		};
		1666DE952F88B6BF00811FBB /* FirebaseMessaging */ = {
			isa = XCSwiftPackageProductDependency;
			package = 1666DE942F88B6BF00811FBB /* XCRemoteSwiftPackageReference "firebase-ios-sdk" */;
			productName = FirebaseMessaging;
		};
		16AD0E462F7FB0BB00C98732 /* Auth */ = {
			isa = XCSwiftPackageProductDependency;
			package = 16AD0E452F7FB0BB00C98732 /* XCRemoteSwiftPackageReference "supabase-swift" */;
			productName = Auth;
		};
		16AD0E482F7FB0BB00C98732 /* Functions */ = {
			isa = XCSwiftPackageProductDependency;
			package = 16AD0E452F7FB0BB00C98732 /* XCRemoteSwiftPackageReference "supabase-swift" */;
			productName = Functions;
		};
		16AD0E4A2F7FB0BB00C98732 /* PostgREST */ = {
			isa = XCSwiftPackageProductDependency;
			package = 16AD0E452F7FB0BB00C98732 /* XCRemoteSwiftPackageReference "supabase-swift" */;
			productName = PostgREST;
		};
		16AD0E4C2F7FB0BB00C98732 /* Realtime */ = {
			isa = XCSwiftPackageProductDependency;
			package = 16AD0E452F7FB0BB00C98732 /* XCRemoteSwiftPackageReference "supabase-swift" */;
			productName = Realtime;
		};
		16AD0E4E2F7FB0BB00C98732 /* Storage */ = {
			isa = XCSwiftPackageProductDependency;
			package = 16AD0E452F7FB0BB00C98732 /* XCRemoteSwiftPackageReference "supabase-swift" */;
			productName = Storage;
		};
		16AD0E502F7FB0BB00C98732 /* Supabase */ = {
			isa = XCSwiftPackageProductDependency;
			package = 16AD0E452F7FB0BB00C98732 /* XCRemoteSwiftPackageReference "supabase-swift" */;
			productName = Supabase;
		};
		16AD0E532F7FB0C700C98732 /* ReactorKit */ = {
			isa = XCSwiftPackageProductDependency;
			package = 16AD0E522F7FB0C700C98732 /* XCRemoteSwiftPackageReference "ReactorKit" */;
			productName = ReactorKit;
		};
		16AD0E562F7FB0D500C98732 /* Dependencies */ = {
			isa = XCSwiftPackageProductDependency;
			package = 16AD0E552F7FB0D500C98732 /* XCRemoteSwiftPackageReference "swift-dependencies" */;
			productName = Dependencies;
		};
		16AD0E5D2F7FB0E000C98732 /* Kingfisher */ = {
			isa = XCSwiftPackageProductDependency;
			package = 16AD0E5C2F7FB0E000C98732 /* XCRemoteSwiftPackageReference "Kingfisher" */;
			productName = Kingfisher;
		};
		16AD0E602F7FB0FF00C98732 /* RxCocoa */ = {
			isa = XCSwiftPackageProductDependency;
			package = 16AD0E5F2F7FB0FF00C98732 /* XCRemoteSwiftPackageReference "RxSwift" */;
			productName = RxCocoa;
		};
		16AD0E622F7FB0FF00C98732 /* RxRelay */ = {
			isa = XCSwiftPackageProductDependency;
			package = 16AD0E5F2F7FB0FF00C98732 /* XCRemoteSwiftPackageReference "RxSwift" */;
			productName = RxRelay;
		};
		16AD0E642F7FB0FF00C98732 /* RxSwift */ = {
			isa = XCSwiftPackageProductDependency;
			package = 16AD0E5F2F7FB0FF00C98732 /* XCRemoteSwiftPackageReference "RxSwift" */;
			productName = RxSwift;
		};
		16AD0E672F7FB10B00C98732 /* Alamofire */ = {
			isa = XCSwiftPackageProductDependency;
			package = 16AD0E662F7FB10B00C98732 /* XCRemoteSwiftPackageReference "Alamofire" */;
			productName = Alamofire;
		};
		16AD0E6C2F7FB16000C98732 /* TensorFlowLiteSwift */ = {
			isa = XCSwiftPackageProductDependency;
			package = 16AD0E6B2F7FB16000C98732 /* XCRemoteSwiftPackageReference "TensorFlowLiteSwift" */;
			productName = TensorFlowLiteSwift;
		};
		16AD0E6F2F7FB17000C98732 /* Then */ = {
			isa = XCSwiftPackageProductDependency;
			package = 16AD0E6E2F7FB17000C98732 /* XCRemoteSwiftPackageReference "Then" */;
			productName = Then;
		};
		16AD0E722F7FB17D00C98732 /* SnapKit */ = {
			isa = XCSwiftPackageProductDependency;
			package = 16AD0E712F7FB17D00C98732 /* XCRemoteSwiftPackageReference "SnapKit" */;
			productName = SnapKit;
		};
		16AD0E772F7FB1E600C98732 /* RxFlow */ = {
			isa = XCSwiftPackageProductDependency;
			package = 16AD0E762F7FB1E600C98732 /* XCRemoteSwiftPackageReference "RxFlow" */;
			productName = RxFlow;
		};
		16BE7CC12F853B3A00F6C98B /* DependenciesMacros */ = {
			isa = XCSwiftPackageProductDependency;
			package = 16AD0E552F7FB0D500C98732 /* XCRemoteSwiftPackageReference "swift-dependencies" */;
			productName = DependenciesMacros;
		};
		B986A1882F85FC4200EE5265 /* GoogleSignIn */ = {
			isa = XCSwiftPackageProductDependency;
			package = B986A1872F85FC4200EE5265 /* XCRemoteSwiftPackageReference "GoogleSignIn-iOS" */;
			productName = GoogleSignIn;
		};
		B986A18A2F85FC4200EE5265 /* GoogleSignInSwift */ = {
			isa = XCSwiftPackageProductDependency;
			package = B986A1872F85FC4200EE5265 /* XCRemoteSwiftPackageReference "GoogleSignIn-iOS" */;
			productName = GoogleSignInSwift;
		};
		B986A18D2F85FC7E00EE5265 /* KakaoSDK */ = {
			isa = XCSwiftPackageProductDependency;
			package = B986A18C2F85FC7E00EE5265 /* XCRemoteSwiftPackageReference "kakao-ios-sdk" */;
			productName = KakaoSDK;
		};
		B986A18F2F85FC7E00EE5265 /* KakaoSDKAuth */ = {
			isa = XCSwiftPackageProductDependency;
			package = B986A18C2F85FC7E00EE5265 /* XCRemoteSwiftPackageReference "kakao-ios-sdk" */;
			productName = KakaoSDKAuth;
		};
		B986A1912F85FC7E00EE5265 /* KakaoSDKCommon */ = {
			isa = XCSwiftPackageProductDependency;
			package = B986A18C2F85FC7E00EE5265 /* XCRemoteSwiftPackageReference "kakao-ios-sdk" */;
			productName = KakaoSDKCommon;
		};
		B986A1932F85FC7E00EE5265 /* KakaoSDKUser */ = {
			isa = XCSwiftPackageProductDependency;
			package = B986A18C2F85FC7E00EE5265 /* XCRemoteSwiftPackageReference "kakao-ios-sdk" */;
			productName = KakaoSDKUser;
		};
/* End XCSwiftPackageProductDependency section */
	};
	rootObject = 16AD0E252F7FAFE200C98732 /* Project object */;
}
